{
  "lockfileVersion": 1,
  "workspaces": {
    "": {
      "name": "one-box-search",
      "devDependencies": {
        "@types/bun": "latest",
        "json-2-csv": "^5.5.9",
        "uglify-js": "^3.19.3",
      },
      "peerDependencies": {
        "typescript": "^5.0.0",
      },
    },
  },
  "packages": {
    "@types/bun": ["@types/bun@1.2.2", "", { "dependencies": { "bun-types": "1.2.2" } }, "sha512-tr74gdku+AEDN5ergNiBnplr7hpDp3V1h7fqI2GcR/rsUaM39jpSeKH0TFibRvU0KwniRx5POgaYnaXbk0hU+w=="],

    "@types/node": ["@types/node@22.13.1", "", { "dependencies": { "undici-types": "~6.20.0" } }, "sha512-jK8uzQlrvXqEU91UxiK5J7pKHyzgnI1Qnl0QDHIgVGuolJhRb9EEl28Cj9b3rGR8B2lhFCtvIm5os8lFnO/1Ew=="],

    "@types/ws": ["@types/ws@8.5.14", "", { "dependencies": { "@types/node": "*" } }, "sha512-bd/YFLW+URhBzMXurx7lWByOu+xzU9+kb3RboOteXYDfW+tr+JZa99OyNmPINEGB/ahzKrEuc8rcv4gnpJmxTw=="],

    "bun-types": ["bun-types@1.2.2", "", { "dependencies": { "@types/node": "*", "@types/ws": "~8.5.10" } }, "sha512-RCbMH5elr9gjgDGDhkTTugA21XtJAy/9jkKe/G3WR2q17VPGhcquf9Sir6uay9iW+7P/BV0CAHA1XlHXMAVKHg=="],

    "deeks": ["deeks@3.1.0", "", {}, "sha512-e7oWH1LzIdv/prMQ7pmlDlaVoL64glqzvNgkgQNgyec9ORPHrT2jaOqMtRyqJuwWjtfb6v+2rk9pmaHj+F137A=="],

    "doc-path": ["doc-path@4.1.1", "", {}, "sha512-h1ErTglQAVv2gCnOpD3sFS6uolDbOKHDU1BZq+Kl3npPqroU3dYL42lUgMfd5UimlwtRgp7C9dLGwqQ5D2HYgQ=="],

    "json-2-csv": ["json-2-csv@5.5.9", "", { "dependencies": { "deeks": "3.1.0", "doc-path": "4.1.1" } }, "sha512-l4g6GZVHrsN+5SKkpOmGNSvho+saDZwXzj/xmcO0lJAgklzwsiqy70HS5tA9djcRvBEybZ9IF6R1MDFTEsaOGQ=="],

    "typescript": ["typescript@5.7.3", "", { "bin": { "tsc": "bin/tsc", "tsserver": "bin/tsserver" } }, "sha512-84MVSjMEHP+FQRPy3pX9sTVV/INIex71s9TL2Gm5FG/WG1SqXeKyZ0k7/blY/4FdOzI12CBy1vGc4og/eus0fw=="],

    "uglify-js": ["uglify-js@3.19.3", "", { "bin": { "uglifyjs": "bin/uglifyjs" } }, "sha512-v3Xu+yuwBXisp6QYTcH4UbH+xYJXqnq2m/LtQVWKWzYc1iehYnLixoQDN9FH6/j9/oybfd6W9Ghwkl8+UMKTKQ=="],

    "undici-types": ["undici-types@6.20.0", "", {}, "sha512-Ny6QZ2Nju20vw1SRHe3d9jVu6gJ+4e3+MMpqu7pqE5HT6WsTSlce++GQmK5UXS8mzV8DSYHrQH+Xrf2jVcuKNg=="],
  }
}
